
Microsoft Visual Studio Solution File, Format Version 12.00
# Visual Studio Version 17
VisualStudioVersion = 17.1.32228.430
MinimumVisualStudioVersion = 10.0.40219.1
Project("{9A19103F-16F7-4668-BE54-9A1E7A4F7556}") = "pjVentaHeredada", "pjVentaHeredada\pjVentaHeredada.csproj", "{303804DA-D2BD-45A7-BEFD-F94BFEF1CD4F}"
EndProject
Project("{9A19103F-16F7-4668-BE54-9A1E7A4F7556}") = "Modelo", "Modelo\Modelo.csproj", "{19DDD03C-3303-46EC-8A83-64AF0891E186}"
EndProject
Project("{FAE04EC0-301F-11D3-BF4B-00C04F79EFBC}") = "PruebaHerencia", "PruebaHerencia\PruebaHerencia.csproj", "{905FDD19-6172-4AF3-BD98-6FC2079B1C9D}"
EndProject
Global
	GlobalSection(SolutionConfigurationPlatforms) = preSolution
		Debug|Any CPU = Debug|Any CPU
		Release|Any CPU = Release|Any CPU
	EndGlobalSection
	GlobalSection(ProjectConfigurationPlatforms) = postSolution
		{303804DA-D2BD-45A7-BEFD-F94BFEF1CD4F}.Debug|Any CPU.ActiveCfg = Debug|Any CPU
		{303804DA-D2BD-45A7-BEFD-F94BFEF1CD4F}.Debug|Any CPU.Build.0 = Debug|Any CPU
		{303804DA-D2BD-45A7-BEFD-F94BFEF1CD4F}.Release|Any CPU.ActiveCfg = Release|Any CPU
		{303804DA-D2BD-45A7-BEFD-F94BFEF1CD4F}.Release|Any CPU.Build.0 = Release|Any CPU
		{19DDD03C-3303-46EC-8A83-64AF0891E186}.Debug|Any CPU.ActiveCfg = Debug|Any CPU
		{19DDD03C-3303-46EC-8A83-64AF0891E186}.Debug|Any CPU.Build.0 = Debug|Any CPU
		{19DDD03C-3303-46EC-8A83-64AF0891E186}.Release|Any CPU.ActiveCfg = Release|Any CPU
		{19DDD03C-3303-46EC-8A83-64AF0891E186}.Release|Any CPU.Build.0 = Release|Any CPU
		{905FDD19-6172-4AF3-BD98-6FC2079B1C9D}.Debug|Any CPU.ActiveCfg = Debug|Any CPU
		{905FDD19-6172-4AF3-BD98-6FC2079B1C9D}.Debug|Any CPU.Build.0 = Debug|Any CPU
		{905FDD19-6172-4AF3-BD98-6FC2079B1C9D}.Release|Any CPU.ActiveCfg = Release|Any CPU
		{905FDD19-6172-4AF3-BD98-6FC2079B1C9D}.Release|Any CPU.Build.0 = Release|Any CPU
	EndGlobalSection
	GlobalSection(SolutionProperties) = preSolution
		HideSolutionNode = FALSE
	EndGlobalSection
	GlobalSection(ExtensibilityGlobals) = postSolution
		SolutionGuid = {C404AD54-2440-49DC-90B5-6EAB0FCEAC6A}
	EndGlobalSection
EndGlobal
